// !$*UTF8*$!
{
	archiveVersion = 1;
	classes = {
	};
	objectVersion = 46;
	objects = {

/* Begin PBXBuildFile section */
		F65F893819F8A45600C2B665 /* main.m in Sources */ = {isa = PBXBuildFile; fileRef = F65F893719F8A45600C2B665 /* main.m */; };
		F65F893B19F8A45600C2B665 /* AppDelegate.m in Sources */ = {isa = PBXBuildFile; fileRef = F65F893A19F8A45600C2B665 /* AppDelegate.m */; };
		F65F893E19F8A45600C2B665 /* ViewController.m in Sources */ = {isa = PBXBuildFile; fileRef = F65F893D19F8A45600C2B665 /* ViewController.m */; };
		F65F894119F8A45600C2B665 /* Main.storyboard in Resources */ = {isa = PBXBuildFile; fileRef = F65F893F19F8A45600C2B665 /* Main.storyboard */; };
		F65F894319F8A45600C2B665 /* Images.xcassets in Resources */ = {isa = PBXBuildFile; fileRef = F65F894219F8A45600C2B665 /* Images.xcassets */; };
		F65F894619F8A45600C2B665 /* LaunchScreen.xib in Resources */ = {isa = PBXBuildFile; fileRef = F65F894419F8A45600C2B665 /* LaunchScreen.xib */; };
		F65F895219F8A45600C2B665 /* lightBeeTests.m in Sources */ = {isa = PBXBuildFile; fileRef = F65F895119F8A45600C2B665 /* lightBeeTests.m */; };
		F6C6EA9719F8E15F00E4B842 /* NSString+LBExtension.m in Sources */ = {isa = PBXBuildFile; fileRef = F6C6EA9619F8E15F00E4B842 /* NSString+LBExtension.m */; };
		F6C6EA9A19F8E39900E4B842 /* NSData+BeeCategory.m in Sources */ = {isa = PBXBuildFile; fileRef = F6C6EA9919F8E39900E4B842 /* NSData+BeeCategory.m */; };
		F6C6EA9D19F8F18D00E4B842 /* LB_SystemInfo.m in Sources */ = {isa = PBXBuildFile; fileRef = F6C6EA9C19F8F18D00E4B842 /* LB_SystemInfo.m */; };
		F6C6EAA019F8F58D00E4B842 /* LB_Foundation.m in Sources */ = {isa = PBXBuildFile; fileRef = F6C6EA9F19F8F58D00E4B842 /* LB_Foundation.m */; };
		F6C6EAA319F8F64E00E4B842 /* LB_Singleton.m in Sources */ = {isa = PBXBuildFile; fileRef = F6C6EAA219F8F64E00E4B842 /* LB_Singleton.m */; };
		F6C6EAA619F8F97100E4B842 /* LB_DeviceInfo.m in Sources */ = {isa = PBXBuildFile; fileRef = F6C6EAA519F8F97100E4B842 /* LB_DeviceInfo.m */; };
		F6C6EAA919F8FDF900E4B842 /* LB_Sandbox.m in Sources */ = {isa = PBXBuildFile; fileRef = F6C6EAA819F8FDF900E4B842 /* LB_Sandbox.m */; };
		F6E696DE1A0F2C3C00A26603 /* UIDevice+IOKitDeviceInfo.m in Sources */ = {isa = PBXBuildFile; fileRef = F6E696DD1A0F2C3C00A26603 /* UIDevice+IOKitDeviceInfo.m */; };
/* End PBXBuildFile section */

/* Begin PBXContainerItemProxy section */
		F65F894C19F8A45600C2B665 /* PBXContainerItemProxy */ = {
			isa = PBXContainerItemProxy;
			containerPortal = F65F892A19F8A45600C2B665 /* Project object */;
			proxyType = 1;
			remoteGlobalIDString = F65F893119F8A45600C2B665;
			remoteInfo = lightBee;
		};
/* End PBXContainerItemProxy section */

/* Begin PBXFileReference section */
		F65F893219F8A45600C2B665 /* lightBee.app */ = {isa = PBXFileReference; explicitFileType = wrapper.application; includeInIndex = 0; path = lightBee.app; sourceTree = BUILT_PRODUCTS_DIR; };
		F65F893619F8A45600C2B665 /* Info.plist */ = {isa = PBXFileReference; lastKnownFileType = text.plist.xml; path = Info.plist; sourceTree = "<group>"; };
		F65F893719F8A45600C2B665 /* main.m */ = {isa = PBXFileReference; lastKnownFileType = sourcecode.c.objc; path = main.m; sourceTree = "<group>"; };
		F65F893919F8A45600C2B665 /* AppDelegate.h */ = {isa = PBXFileReference; lastKnownFileType = sourcecode.c.h; path = AppDelegate.h; sourceTree = "<group>"; };
		F65F893A19F8A45600C2B665 /* AppDelegate.m */ = {isa = PBXFileReference; lastKnownFileType = sourcecode.c.objc; path = AppDelegate.m; sourceTree = "<group>"; };
		F65F893C19F8A45600C2B665 /* ViewController.h */ = {isa = PBXFileReference; lastKnownFileType = sourcecode.c.h; path = ViewController.h; sourceTree = "<group>"; };
		F65F893D19F8A45600C2B665 /* ViewController.m */ = {isa = PBXFileReference; lastKnownFileType = sourcecode.c.objc; path = ViewController.m; sourceTree = "<group>"; };
		F65F894019F8A45600C2B665 /* Base */ = {isa = PBXFileReference; lastKnownFileType = file.storyboard; name = Base; path = Base.lproj/Main.storyboard; sourceTree = "<group>"; };
		F65F894219F8A45600C2B665 /* Images.xcassets */ = {isa = PBXFileReference; lastKnownFileType = folder.assetcatalog; path = Images.xcassets; sourceTree = "<group>"; };
		F65F894519F8A45600C2B665 /* Base */ = {isa = PBXFileReference; lastKnownFileType = file.xib; name = Base; path = Base.lproj/LaunchScreen.xib; sourceTree = "<group>"; };
		F65F894B19F8A45600C2B665 /* lightBeeTests.xctest */ = {isa = PBXFileReference; explicitFileType = wrapper.cfbundle; includeInIndex = 0; path = lightBeeTests.xctest; sourceTree = BUILT_PRODUCTS_DIR; };
		F65F895019F8A45600C2B665 /* Info.plist */ = {isa = PBXFileReference; lastKnownFileType = text.plist.xml; path = Info.plist; sourceTree = "<group>"; };
		F65F895119F8A45600C2B665 /* lightBeeTests.m */ = {isa = PBXFileReference; lastKnownFileType = sourcecode.c.objc; path = lightBeeTests.m; sourceTree = "<group>"; };
		F6C6EA9519F8E15F00E4B842 /* NSString+LBExtension.h */ = {isa = PBXFileReference; fileEncoding = 4; lastKnownFileType = sourcecode.c.h; path = "NSString+LBExtension.h"; sourceTree = "<group>"; };
		F6C6EA9619F8E15F00E4B842 /* NSString+LBExtension.m */ = {isa = PBXFileReference; fileEncoding = 4; lastKnownFileType = sourcecode.c.objc; path = "NSString+LBExtension.m"; sourceTree = "<group>"; };
		F6C6EA9819F8E39900E4B842 /* NSData+BeeCategory.h */ = {isa = PBXFileReference; fileEncoding = 4; lastKnownFileType = sourcecode.c.h; path = "NSData+BeeCategory.h"; sourceTree = "<group>"; };
		F6C6EA9919F8E39900E4B842 /* NSData+BeeCategory.m */ = {isa = PBXFileReference; fileEncoding = 4; lastKnownFileType = sourcecode.c.objc; path = "NSData+BeeCategory.m"; sourceTree = "<group>"; };
		F6C6EA9B19F8F18D00E4B842 /* LB_SystemInfo.h */ = {isa = PBXFileReference; fileEncoding = 4; lastKnownFileType = sourcecode.c.h; path = LB_SystemInfo.h; sourceTree = "<group>"; };
		F6C6EA9C19F8F18D00E4B842 /* LB_SystemInfo.m */ = {isa = PBXFileReference; fileEncoding = 4; lastKnownFileType = sourcecode.c.objc; path = LB_SystemInfo.m; sourceTree = "<group>"; };
		F6C6EA9E19F8F58D00E4B842 /* LB_Foundation.h */ = {isa = PBXFileReference; fileEncoding = 4; lastKnownFileType = sourcecode.c.h; path = LB_Foundation.h; sourceTree = "<group>"; };
		F6C6EA9F19F8F58D00E4B842 /* LB_Foundation.m */ = {isa = PBXFileReference; fileEncoding = 4; lastKnownFileType = sourcecode.c.objc; path = LB_Foundation.m; sourceTree = "<group>"; };
		F6C6EAA119F8F64E00E4B842 /* LB_Singleton.h */ = {isa = PBXFileReference; fileEncoding = 4; lastKnownFileType = sourcecode.c.h; path = LB_Singleton.h; sourceTree = "<group>"; };
		F6C6EAA219F8F64E00E4B842 /* LB_Singleton.m */ = {isa = PBXFileReference; fileEncoding = 4; lastKnownFileType = sourcecode.c.objc; path = LB_Singleton.m; sourceTree = "<group>"; };
		F6C6EAA419F8F97100E4B842 /* LB_DeviceInfo.h */ = {isa = PBXFileReference; fileEncoding = 4; lastKnownFileType = sourcecode.c.h; path = LB_DeviceInfo.h; sourceTree = "<group>"; };
		F6C6EAA519F8F97100E4B842 /* LB_DeviceInfo.m */ = {isa = PBXFileReference; fileEncoding = 4; lastKnownFileType = sourcecode.c.objc; path = LB_DeviceInfo.m; sourceTree = "<group>"; };
		F6C6EAA719F8FDF900E4B842 /* LB_Sandbox.h */ = {isa = PBXFileReference; fileEncoding = 4; lastKnownFileType = sourcecode.c.h; path = LB_Sandbox.h; sourceTree = "<group>"; };
		F6C6EAA819F8FDF900E4B842 /* LB_Sandbox.m */ = {isa = PBXFileReference; fileEncoding = 4; lastKnownFileType = sourcecode.c.objc; path = LB_Sandbox.m; sourceTree = "<group>"; };
		F6E696DC1A0F2C3C00A26603 /* UIDevice+IOKitDeviceInfo.h */ = {isa = PBXFileReference; fileEncoding = 4; lastKnownFileType = sourcecode.c.h; path = "UIDevice+IOKitDeviceInfo.h"; sourceTree = "<group>"; };
		F6E696DD1A0F2C3C00A26603 /* UIDevice+IOKitDeviceInfo.m */ = {isa = PBXFileReference; fileEncoding = 4; lastKnownFileType = sourcecode.c.objc; path = "UIDevice+IOKitDeviceInfo.m"; sourceTree = "<group>"; };
/* End PBXFileReference section */

/* Begin PBXFrameworksBuildPhase section */
		F65F892F19F8A45600C2B665 /* Frameworks */ = {
			isa = PBXFrameworksBuildPhase;
			buildActionMask = 2147483647;
			files = (
			);
			runOnlyForDeploymentPostprocessing = 0;
		};
		F65F894819F8A45600C2B665 /* Frameworks */ = {
			isa = PBXFrameworksBuildPhase;
			buildActionMask = 2147483647;
			files = (
			);
			runOnlyForDeploymentPostprocessing = 0;
		};
/* End PBXFrameworksBuildPhase section */

/* Begin PBXGroup section */
		F65F892919F8A45600C2B665 = {
			isa = PBXGroup;
			children = (
				F65F893419F8A45600C2B665 /* lightBee */,
				F65F894E19F8A45600C2B665 /* lightBeeTests */,
				F65F893319F8A45600C2B665 /* Products */,
			);
			sourceTree = "<group>";
		};
		F65F893319F8A45600C2B665 /* Products */ = {
			isa = PBXGroup;
			children = (
				F65F893219F8A45600C2B665 /* lightBee.app */,
				F65F894B19F8A45600C2B665 /* lightBeeTests.xctest */,
			);
			name = Products;
			sourceTree = "<group>";
		};
		F65F893419F8A45600C2B665 /* lightBee */ = {
			isa = PBXGroup;
			children = (
				F65F893919F8A45600C2B665 /* AppDelegate.h */,
				F65F893A19F8A45600C2B665 /* AppDelegate.m */,
				F65F893C19F8A45600C2B665 /* ViewController.h */,
				F65F893D19F8A45600C2B665 /* ViewController.m */,
				F65F893F19F8A45600C2B665 /* Main.storyboard */,
				F65F894219F8A45600C2B665 /* Images.xcassets */,
				F65F894419F8A45600C2B665 /* LaunchScreen.xib */,
				F65F895B19F8A77D00C2B665 /* lightBeeFramework */,
				F65F893519F8A45600C2B665 /* Supporting Files */,
			);
			path = lightBee;
			sourceTree = "<group>";
		};
		F65F893519F8A45600C2B665 /* Supporting Files */ = {
			isa = PBXGroup;
			children = (
				F65F893619F8A45600C2B665 /* Info.plist */,
				F65F893719F8A45600C2B665 /* main.m */,
			);
			name = "Supporting Files";
			sourceTree = "<group>";
		};
		F65F894E19F8A45600C2B665 /* lightBeeTests */ = {
			isa = PBXGroup;
			children = (
				F65F895119F8A45600C2B665 /* lightBeeTests.m */,
				F65F894F19F8A45600C2B665 /* Supporting Files */,
			);
			path = lightBeeTests;
			sourceTree = "<group>";
		};
		F65F894F19F8A45600C2B665 /* Supporting Files */ = {
			isa = PBXGroup;
			children = (
				F65F895019F8A45600C2B665 /* Info.plist */,
			);
			name = "Supporting Files";
			sourceTree = "<group>";
		};
		F65F895B19F8A77D00C2B665 /* lightBeeFramework */ = {
			isa = PBXGroup;
			children = (
				F65F895C19F8A77D00C2B665 /* MVC */,
				F65F896019F8A77D00C2B665 /* System */,
				F65F896319F8A77D00C2B665 /* Vendor */,
			);
			path = lightBeeFramework;
			sourceTree = "<group>";
		};
		F65F895C19F8A77D00C2B665 /* MVC */ = {
			isa = PBXGroup;
			children = (
				F65F895D19F8A77D00C2B665 /* Controller */,
				F65F895E19F8A77D00C2B665 /* Model */,
				F65F895F19F8A77D00C2B665 /* View */,
			);
			path = MVC;
			sourceTree = "<group>";
		};
		F65F895D19F8A77D00C2B665 /* Controller */ = {
			isa = PBXGroup;
			children = (
			);
			path = Controller;
			sourceTree = "<group>";
		};
		F65F895E19F8A77D00C2B665 /* Model */ = {
			isa = PBXGroup;
			children = (
			);
			path = Model;
			sourceTree = "<group>";
		};
		F65F895F19F8A77D00C2B665 /* View */ = {
			isa = PBXGroup;
			children = (
			);
			path = View;
			sourceTree = "<group>";
		};
		F65F896019F8A77D00C2B665 /* System */ = {
			isa = PBXGroup;
			children = (
				F65F896119F8A77D00C2B665 /* foundation */,
				F65F896219F8A77D00C2B665 /* Network */,
			);
			path = System;
			sourceTree = "<group>";
		};
		F65F896119F8A77D00C2B665 /* foundation */ = {
			isa = PBXGroup;
			children = (
				F6C6EA9E19F8F58D00E4B842 /* LB_Foundation.h */,
				F6C6EA9F19F8F58D00E4B842 /* LB_Foundation.m */,
				F6C6EA9419F8DEE800E4B842 /* Category */,
				F6C6EA9B19F8F18D00E4B842 /* LB_SystemInfo.h */,
				F6C6EA9C19F8F18D00E4B842 /* LB_SystemInfo.m */,
				F6C6EAA119F8F64E00E4B842 /* LB_Singleton.h */,
				F6C6EAA219F8F64E00E4B842 /* LB_Singleton.m */,
				F6C6EAA419F8F97100E4B842 /* LB_DeviceInfo.h */,
				F6C6EAA519F8F97100E4B842 /* LB_DeviceInfo.m */,
				F6C6EAA719F8FDF900E4B842 /* LB_Sandbox.h */,
				F6C6EAA819F8FDF900E4B842 /* LB_Sandbox.m */,
			);
			path = foundation;
			sourceTree = "<group>";
		};
		F65F896219F8A77D00C2B665 /* Network */ = {
			isa = PBXGroup;
			children = (
			);
			path = Network;
			sourceTree = "<group>";
		};
		F65F896319F8A77D00C2B665 /* Vendor */ = {
			isa = PBXGroup;
			children = (
			);
			path = Vendor;
			sourceTree = "<group>";
		};
		F6C6EA9419F8DEE800E4B842 /* Category */ = {
			isa = PBXGroup;
			children = (
				F6C6EA9519F8E15F00E4B842 /* NSString+LBExtension.h */,
				F6C6EA9619F8E15F00E4B842 /* NSString+LBExtension.m */,
				F6C6EA9819F8E39900E4B842 /* NSData+BeeCategory.h */,
				F6C6EA9919F8E39900E4B842 /* NSData+BeeCategory.m */,
				F6E696DC1A0F2C3C00A26603 /* UIDevice+IOKitDeviceInfo.h */,
				F6E696DD1A0F2C3C00A26603 /* UIDevice+IOKitDeviceInfo.m */,
			);
			path = Category;
			sourceTree = "<group>";
		};
/* End PBXGroup section */

/* Begin PBXNativeTarget section */
		F65F893119F8A45600C2B665 /* lightBee */ = {
			isa = PBXNativeTarget;
			buildConfigurationList = F65F895519F8A45600C2B665 /* Build configuration list for PBXNativeTarget "lightBee" */;
			buildPhases = (
				F65F892E19F8A45600C2B665 /* Sources */,
				F65F892F19F8A45600C2B665 /* Frameworks */,
				F65F893019F8A45600C2B665 /* Resources */,
			);
			buildRules = (
			);
			dependencies = (
			);
			name = lightBee;
			productName = lightBee;
			productReference = F65F893219F8A45600C2B665 /* lightBee.app */;
			productType = "com.apple.product-type.application";
		};
		F65F894A19F8A45600C2B665 /* lightBeeTests */ = {
			isa = PBXNativeTarget;
			buildConfigurationList = F65F895819F8A45600C2B665 /* Build configuration list for PBXNativeTarget "lightBeeTests" */;
			buildPhases = (
				F65F894719F8A45600C2B665 /* Sources */,
				F65F894819F8A45600C2B665 /* Frameworks */,
				F65F894919F8A45600C2B665 /* Resources */,
			);
			buildRules = (
			);
			dependencies = (
				F65F894D19F8A45600C2B665 /* PBXTargetDependency */,
			);
			name = lightBeeTests;
			productName = lightBeeTests;
			productReference = F65F894B19F8A45600C2B665 /* lightBeeTests.xctest */;
			productType = "com.apple.product-type.bundle.unit-test";
		};
/* End PBXNativeTarget section */

/* Begin PBXProject section */
		F65F892A19F8A45600C2B665 /* Project object */ = {
			isa = PBXProject;
			attributes = {
				LastUpgradeCheck = 0600;
				ORGANIZATIONNAME = www.cz001.com.cn;
				TargetAttributes = {
					F65F893119F8A45600C2B665 = {
						CreatedOnToolsVersion = 6.0.1;
					};
					F65F894A19F8A45600C2B665 = {
						CreatedOnToolsVersion = 6.0.1;
						TestTargetID = F65F893119F8A45600C2B665;
					};
				};
			};
			buildConfigurationList = F65F892D19F8A45600C2B665 /* Build configuration list for PBXProject "lightBee" */;
			compatibilityVersion = "Xcode 3.2";
			developmentRegion = English;
			hasScannedForEncodings = 0;
			knownRegions = (
				en,
				Base,
			);
			mainGroup = F65F892919F8A45600C2B665;
			productRefGroup = F65F893319F8A45600C2B665 /* Products */;
			projectDirPath = "";
			projectRoot = "";
			targets = (
				F65F893119F8A45600C2B665 /* lightBee */,
				F65F894A19F8A45600C2B665 /* lightBeeTests */,
			);
		};
/* End PBXProject section */

/* Begin PBXResourcesBuildPhase section */
		F65F893019F8A45600C2B665 /* Resources */ = {
			isa = PBXResourcesBuildPhase;
			buildActionMask = 2147483647;
			files = (
				F65F894119F8A45600C2B665 /* Main.storyboard in Resources */,
				F65F894619F8A45600C2B665 /* LaunchScreen.xib in Resources */,
				F65F894319F8A45600C2B665 /* Images.xcassets in Resources */,
			);
			runOnlyForDeploymentPostprocessing = 0;
		};
		F65F894919F8A45600C2B665 /* Resources */ = {
			isa = PBXResourcesBuildPhase;
			buildActionMask = 2147483647;
			files = (
			);
			runOnlyForDeploymentPostprocessing = 0;
		};
/* End PBXResourcesBuildPhase section */

/* Begin PBXSourcesBuildPhase section */
		F65F892E19F8A45600C2B665 /* Sources */ = {
			isa = PBXSourcesBuildPhase;
			buildActionMask = 2147483647;
			files = (
				F6C6EAA019F8F58D00E4B842 /* LB_Foundation.m in Sources */,
				F6C6EAA319F8F64E00E4B842 /* LB_Singleton.m in Sources */,
				F65F893E19F8A45600C2B665 /* ViewController.m in Sources */,
				F6E696DE1A0F2C3C00A26603 /* UIDevice+IOKitDeviceInfo.m in Sources */,
				F6C6EA9A19F8E39900E4B842 /* NSData+BeeCategory.m in Sources */,
				F6C6EA9D19F8F18D00E4B842 /* LB_SystemInfo.m in Sources */,
				F65F893B19F8A45600C2B665 /* AppDelegate.m in Sources */,
				F6C6EAA619F8F97100E4B842 /* LB_DeviceInfo.m in Sources */,
				F65F893819F8A45600C2B665 /* main.m in Sources */,
				F6C6EA9719F8E15F00E4B842 /* NSString+LBExtension.m in Sources */,
				F6C6EAA919F8FDF900E4B842 /* LB_Sandbox.m in Sources */,
			);
			runOnlyForDeploymentPostprocessing = 0;
		};
		F65F894719F8A45600C2B665 /* Sources */ = {
			isa = PBXSourcesBuildPhase;
			buildActionMask = 2147483647;
			files = (
				F65F895219F8A45600C2B665 /* lightBeeTests.m in Sources */,
			);
			runOnlyForDeploymentPostprocessing = 0;
		};
/* End PBXSourcesBuildPhase section */

/* Begin PBXTargetDependency section */
		F65F894D19F8A45600C2B665 /* PBXTargetDependency */ = {
			isa = PBXTargetDependency;
			target = F65F893119F8A45600C2B665 /* lightBee */;
			targetProxy = F65F894C19F8A45600C2B665 /* PBXContainerItemProxy */;
		};
/* End PBXTargetDependency section */

/* Begin PBXVariantGroup section */
		F65F893F19F8A45600C2B665 /* Main.storyboard */ = {
			isa = PBXVariantGroup;
			children = (
				F65F894019F8A45600C2B665 /* Base */,
			);
			name = Main.storyboard;
			sourceTree = "<group>";
		};
		F65F894419F8A45600C2B665 /* LaunchScreen.xib */ = {
			isa = PBXVariantGroup;
			children = (
				F65F894519F8A45600C2B665 /* Base */,
			);
			name = LaunchScreen.xib;
			sourceTree = "<group>";
		};
/* End PBXVariantGroup section */

/* Begin XCBuildConfiguration section */
		F65F895319F8A45600C2B665 /* Debug */ = {
			isa = XCBuildConfiguration;
			buildSettings = {
				ALWAYS_SEARCH_USER_PATHS = NO;
				CLANG_CXX_LANGUAGE_STANDARD = "gnu++0x";
				CLANG_CXX_LIBRARY = "libc++";
				CLANG_ENABLE_MODULES = YES;
				CLANG_ENABLE_OBJC_ARC = YES;
				CLANG_WARN_BOOL_CONVERSION = YES;
				CLANG_WARN_CONSTANT_CONVERSION = YES;
				CLANG_WARN_DIRECT_OBJC_ISA_USAGE = YES_ERROR;
				CLANG_WARN_EMPTY_BODY = YES;
				CLANG_WARN_ENUM_CONVERSION = YES;
				CLANG_WARN_INT_CONVERSION = YES;
				CLANG_WARN_OBJC_ROOT_CLASS = YES_ERROR;
				CLANG_WARN_UNREACHABLE_CODE = YES;
				CLANG_WARN__DUPLICATE_METHOD_MATCH = YES;
				"CODE_SIGN_IDENTITY[sdk=iphoneos*]" = "iPhone Developer";
				COPY_PHASE_STRIP = NO;
				ENABLE_STRICT_OBJC_MSGSEND = YES;
				GCC_C_LANGUAGE_STANDARD = gnu99;
				GCC_DYNAMIC_NO_PIC = NO;
				GCC_OPTIMIZATION_LEVEL = 0;
				GCC_PREPROCESSOR_DEFINITIONS = (
					"DEBUG=1",
					"$(inherited)",
				);
				GCC_SYMBOLS_PRIVATE_EXTERN = NO;
				GCC_WARN_64_TO_32_BIT_CONVERSION = YES;
				GCC_WARN_ABOUT_RETURN_TYPE = YES_ERROR;
				GCC_WARN_UNDECLARED_SELECTOR = YES;
				GCC_WARN_UNINITIALIZED_AUTOS = YES_AGGRESSIVE;
				GCC_WARN_UNUSED_FUNCTION = YES;
				GCC_WARN_UNUSED_VARIABLE = YES;
				IPHONEOS_DEPLOYMENT_TARGET = 8.0;
				MTL_ENABLE_DEBUG_INFO = YES;
				ONLY_ACTIVE_ARCH = YES;
				SDKROOT = iphoneos;
				TARGETED_DEVICE_FAMILY = "1,2";
			};
			name = Debug;
		};
		F65F895419F8A45600C2B665 /* Release */ = {
			isa = XCBuildConfiguration;
			buildSettings = {
				ALWAYS_SEARCH_USER_PATHS = NO;
				CLANG_CXX_LANGUAGE_STANDARD = "gnu++0x";
				CLANG_CXX_LIBRARY = "libc++";
				CLANG_ENABLE_MODULES = YES;
				CLANG_ENABLE_OBJC_ARC = YES;
				CLANG_WARN_BOOL_CONVERSION = YES;
				CLANG_WARN_CONSTANT_CONVERSION = YES;
				CLANG_WARN_DIRECT_OBJC_ISA_USAGE = YES_ERROR;
				CLANG_WARN_EMPTY_BODY = YES;
				CLANG_WARN_ENUM_CONVERSION = YES;
				CLANG_WARN_INT_CONVERSION = YES;
				CLANG_WARN_OBJC_ROOT_CLASS = YES_ERROR;
				CLANG_WARN_UNREACHABLE_CODE = YES;
				CLANG_WARN__DUPLICATE_METHOD_MATCH = YES;
				"CODE_SIGN_IDENTITY[sdk=iphoneos*]" = "iPhone Developer";
				COPY_PHASE_STRIP = YES;
				ENABLE_NS_ASSERTIONS = NO;
				ENABLE_STRICT_OBJC_MSGSEND = YES;
				GCC_C_LANGUAGE_STANDARD = gnu99;
				GCC_WARN_64_TO_32_BIT_CONVERSION = YES;
				GCC_WARN_ABOUT_RETURN_TYPE = YES_ERROR;
				GCC_WARN_UNDECLARED_SELECTOR = YES;
				GCC_WARN_UNINITIALIZED_AUTOS = YES_AGGRESSIVE;
				GCC_WARN_UNUSED_FUNCTION = YES;
				GCC_WARN_UNUSED_VARIABLE = YES;
				IPHONEOS_DEPLOYMENT_TARGET = 8.0;
				MTL_ENABLE_DEBUG_INFO = NO;
				SDKROOT = iphoneos;
				TARGETED_DEVICE_FAMILY = "1,2";
				VALIDATE_PRODUCT = YES;
			};
			name = Release;
		};
		F65F895619F8A45600C2B665 /* Debug */ = {
			isa = XCBuildConfiguration;
			buildSettings = {
				ASSETCATALOG_COMPILER_APPICON_NAME = AppIcon;
				INFOPLIST_FILE = lightBee/Info.plist;
				IPHONEOS_DEPLOYMENT_TARGET = 7.0;
				LD_RUNPATH_SEARCH_PATHS = "$(inherited) @executable_path/Frameworks";
				PRODUCT_NAME = "$(TARGET_NAME)";
			};
			name = Debug;
		};
		F65F895719F8A45600C2B665 /* Release */ = {
			isa = XCBuildConfiguration;
			buildSettings = {
				ASSETCATALOG_COMPILER_APPICON_NAME = AppIcon;
				INFOPLIST_FILE = lightBee/Info.plist;
				IPHONEOS_DEPLOYMENT_TARGET = 7.0;
				LD_RUNPATH_SEARCH_PATHS = "$(inherited) @executable_path/Frameworks";
				PRODUCT_NAME = "$(TARGET_NAME)";
			};
			name = Release;
		};
		F65F895919F8A45600C2B665 /* Debug */ = {
			isa = XCBuildConfiguration;
			buildSettings = {
				BUNDLE_LOADER = "$(TEST_HOST)";
				FRAMEWORK_SEARCH_PATHS = (
					"$(SDKROOT)/Developer/Library/Frameworks",
					"$(inherited)",
				);
				GCC_PREPROCESSOR_DEFINITIONS = (
					"DEBUG=1",
					"$(inherited)",
				);
				INFOPLIST_FILE = lightBeeTests/Info.plist;
				LD_RUNPATH_SEARCH_PATHS = "$(inherited) @executable_path/Frameworks @loader_path/Frameworks";
				PRODUCT_NAME = "$(TARGET_NAME)";
				TEST_HOST = "$(BUILT_PRODUCTS_DIR)/lightBee.app/lightBee";
			};
			name = Debug;
		};
		F65F895A19F8A45600C2B665 /* Release */ = {
			isa = XCBuildConfiguration;
			buildSettings = {
				BUNDLE_LOADER = "$(TEST_HOST)";
				FRAMEWORK_SEARCH_PATHS = (
					"$(SDKROOT)/Developer/Library/Frameworks",
					"$(inherited)",
				);
				INFOPLIST_FILE = lightBeeTests/Info.plist;
				LD_RUNPATH_SEARCH_PATHS = "$(inherited) @executable_path/Frameworks @loader_path/Frameworks";
				PRODUCT_NAME = "$(TARGET_NAME)";
				TEST_HOST = "$(BUILT_PRODUCTS_DIR)/lightBee.app/lightBee";
			};
			name = Release;
		};
/* End XCBuildConfiguration section */

/* Begin XCConfigurationList section */
		F65F892D19F8A45600C2B665 /* Build configuration list for PBXProject "lightBee" */ = {
			isa = XCConfigurationList;
			buildConfigurations = (
				F65F895319F8A45600C2B665 /* Debug */,
				F65F895419F8A45600C2B665 /* Release */,
			);
			defaultConfigurationIsVisible = 0;
			defaultConfigurationName = Release;
		};
		F65F895519F8A45600C2B665 /* Build configuration list for PBXNativeTarget "lightBee" */ = {
			isa = XCConfigurationList;
			buildConfigurations = (
				F65F895619F8A45600C2B665 /* Debug */,
				F65F895719F8A45600C2B665 /* Release */,
			);
			defaultConfigurationIsVisible = 0;
			defaultConfigurationName = Release;
		};
		F65F895819F8A45600C2B665 /* Build configuration list for PBXNativeTarget "lightBeeTests" */ = {
			isa = XCConfigurationList;
			buildConfigurations = (
				F65F895919F8A45600C2B665 /* Debug */,
				F65F895A19F8A45600C2B665 /* Release */,
			);
			defaultConfigurationIsVisible = 0;
			defaultConfigurationName = Release;
		};
/* End XCConfigurationList section */
	};
	rootObject = F65F892A19F8A45600C2B665 /* Project object */;
}
